// !$*UTF8*$!
{
	archiveVersion = 1;
	classes = {
	};
	objectVersion = 46;
	objects = {

/* Begin PBXBuildFile section */
		1214331015298AAF003FF426 /* FRESteamWorks.cpp in Sources */ = {isa = PBXBuildFile; fileRef = 1214330F15298AAF003FF426 /* FRESteamWorks.cpp */; };
		546198A516A8B32100E9B390 /* libsteam_api.dylib in Frameworks */ = {isa = PBXBuildFile; fileRef = 1214331815298C47003FF426 /* libsteam_api.dylib */; };
		54B6962216AB356400CFBD85 /* Adobe AIR.framework in Frameworks */ = {isa = PBXBuildFile; fileRef = 54B6962116AB356400CFBD85 /* Adobe AIR.framework */; };
		54FA319D16C5B28E00BC2F1B /* CSteam.cpp in Sources */ = {isa = PBXBuildFile; fileRef = 54FA319B16C5B28E00BC2F1B /* CSteam.cpp */; };
/* End PBXBuildFile section */

/* Begin PBXFileReference section */
		121432FE15298AAF003FF426 /* FRESteamWorks.framework */ = {isa = PBXFileReference; explicitFileType = wrapper.framework; includeInIndex = 0; path = FRESteamWorks.framework; sourceTree = BUILT_PRODUCTS_DIR; };
		1214330E15298AAF003FF426 /* FRESteamWorks.h */ = {isa = PBXFileReference; explicitFileType = sourcecode.cpp.h; path = FRESteamWorks.h; sourceTree = "<group>"; usesTabs = 1; };
		1214330F15298AAF003FF426 /* FRESteamWorks.cpp */ = {isa = PBXFileReference; explicitFileType = sourcecode.cpp.cpp; path = FRESteamWorks.cpp; sourceTree = "<group>"; usesTabs = 1; };
		1214331815298C47003FF426 /* libsteam_api.dylib */ = {isa = PBXFileReference; lastKnownFileType = "compiled.mach-o.dylib"; name = libsteam_api.dylib; path = ../../SteamSDK/redistributable_bin/osx32/libsteam_api.dylib; sourceTree = SOURCE_ROOT; };
		54B6962116AB356400CFBD85 /* Adobe AIR.framework */ = {isa = PBXFileReference; lastKnownFileType = wrapper.framework; name = "Adobe AIR.framework"; path = "../../AdobeAIRSDK/runtimes/air/mac/Adobe AIR.framework"; sourceTree = "<group>"; };
		54FA319B16C5B28E00BC2F1B /* CSteam.cpp */ = {isa = PBXFileReference; fileEncoding = 4; lastKnownFileType = sourcecode.cpp.cpp; path = CSteam.cpp; sourceTree = "<group>"; };
		54FA319C16C5B28E00BC2F1B /* CSteam.h */ = {isa = PBXFileReference; fileEncoding = 4; lastKnownFileType = sourcecode.c.h; path = CSteam.h; sourceTree = "<group>"; };
/* End PBXFileReference section */

/* Begin PBXFrameworksBuildPhase section */
		121432FA15298AAF003FF426 /* Frameworks */ = {
			isa = PBXFrameworksBuildPhase;
			buildActionMask = 2147483647;
			files = (
				546198A516A8B32100E9B390 /* libsteam_api.dylib in Frameworks */,
				54B6962216AB356400CFBD85 /* Adobe AIR.framework in Frameworks */,
			);
			runOnlyForDeploymentPostprocessing = 0;
		};
/* End PBXFrameworksBuildPhase section */

/* Begin PBXGroup section */
		121432F215298AAF003FF426 = {
			isa = PBXGroup;
			children = (
				1214330715298AAF003FF426 /* FRESteamWorks */,
				1214330015298AAF003FF426 /* Frameworks */,
				121432FF15298AAF003FF426 /* Products */,
			);
			sourceTree = "<group>";
		};
		121432FF15298AAF003FF426 /* Products */ = {
			isa = PBXGroup;
			children = (
				121432FE15298AAF003FF426 /* FRESteamWorks.framework */,
			);
			name = Products;
			sourceTree = "<group>";
		};
		1214330015298AAF003FF426 /* Frameworks */ = {
			isa = PBXGroup;
			children = (
				54B6962116AB356400CFBD85 /* Adobe AIR.framework */,
				1214331815298C47003FF426 /* libsteam_api.dylib */,
			);
			name = Frameworks;
			sourceTree = "<group>";
		};
		1214330715298AAF003FF426 /* FRESteamWorks */ = {
			isa = PBXGroup;
			children = (
				54FA319B16C5B28E00BC2F1B /* CSteam.cpp */,
				54FA319C16C5B28E00BC2F1B /* CSteam.h */,
				1214330E15298AAF003FF426 /* FRESteamWorks.h */,
				1214330F15298AAF003FF426 /* FRESteamWorks.cpp */,
				1214330815298AAF003FF426 /* Supporting Files */,
			);
			path = FRESteamWorks;
			sourceTree = "<group>";
		};
		1214330815298AAF003FF426 /* Supporting Files */ = {
			isa = PBXGroup;
			children = (
				1214331815298C47003FF426 /* libsteam_api.dylib */,
			);
			name = "Supporting Files";
			sourceTree = "<group>";
		};
/* End PBXGroup section */

/* Begin PBXNativeTarget section */
		121432FD15298AAF003FF426 /* FRESteamWorks */ = {
			isa = PBXNativeTarget;
			buildConfigurationList = 1214331315298AAF003FF426 /* Build configuration list for PBXNativeTarget "FRESteamWorks" */;
			buildPhases = (
				121432F915298AAF003FF426 /* Sources */,
				121432FA15298AAF003FF426 /* Frameworks */,
				54C3E01E16A0D36E00D0BA87 /* Run Script */,
			);
			buildRules = (
			);
			dependencies = (
			);
			name = FRESteamWorks;
			productName = FRESteamWorks;
			productReference = 121432FE15298AAF003FF426 /* FRESteamWorks.framework */;
			productType = "com.apple.product-type.framework";
		};
/* End PBXNativeTarget section */

/* Begin PBXProject section */
		121432F415298AAF003FF426 /* Project object */ = {
			isa = PBXProject;
			attributes = {
				LastUpgradeCheck = 0500;
				ORGANIZATIONNAME = "Level Up Labs";
			};
			buildConfigurationList = 121432F715298AAF003FF426 /* Build configuration list for PBXProject "FRESteamWorks" */;
			compatibilityVersion = "Xcode 3.2";
			developmentRegion = English;
			hasScannedForEncodings = 0;
			knownRegions = (
				en,
			);
			mainGroup = 121432F215298AAF003FF426;
			productRefGroup = 121432FF15298AAF003FF426 /* Products */;
			projectDirPath = "";
			projectRoot = "";
			targets = (
				121432FD15298AAF003FF426 /* FRESteamWorks */,
			);
		};
/* End PBXProject section */

/* Begin PBXShellScriptBuildPhase section */
		54C3E01E16A0D36E00D0BA87 /* Run Script */ = {
			isa = PBXShellScriptBuildPhase;
			buildActionMask = 2147483647;
			files = (
			);
			inputPaths = (
			);
			name = "Run Script";
			outputPaths = (
			);
			runOnlyForDeploymentPostprocessing = 0;
			shellPath = /bin/bash;
			shellScript = "set -ex\nrm -rf \"$PROJECT_DIR/../lib/bin/$FULL_PRODUCT_NAME\"\n\n# XCode on OS X Mavericks creates frameworks with a broken symlink\n# Create that link's target so adt doesn't complain later on\nmkdir -p \"$TARGET_BUILD_DIR/$FULL_PRODUCT_NAME/Versions/Current/Resources\"\n\n# Fix lookup path for libsteam_api.dylib (packaged into Resources directory)\ninstall_name_tool -change \\\n    \"@loader_path/libsteam_api.dylib\" \"@rpath/../Resources/libsteam_api.dylib\" \\\n    \"$TARGET_BUILD_DIR/$FULL_PRODUCT_NAME/$EXECUTABLE_NAME\"\n\ncp -RL \"$TARGET_BUILD_DIR/$FULL_PRODUCT_NAME\" \"$PROJECT_DIR/../lib/bin/\"\n\ncd \"$PROJECT_DIR/../lib/bin/\"\necho \"Compiling ANE...\"\n./compileANE.sh\n";
		};
/* End PBXShellScriptBuildPhase section */

/* Begin PBXSourcesBuildPhase section */
		121432F915298AAF003FF426 /* Sources */ = {
			isa = PBXSourcesBuildPhase;
			buildActionMask = 2147483647;
			files = (
				1214331015298AAF003FF426 /* FRESteamWorks.cpp in Sources */,
				54FA319D16C5B28E00BC2F1B /* CSteam.cpp in Sources */,
			);
			runOnlyForDeploymentPostprocessing = 0;
		};
/* End PBXSourcesBuildPhase section */

/* Begin XCBuildConfiguration section */
		1214331115298AAF003FF426 /* Debug */ = {
			isa = XCBuildConfiguration;
			buildSettings = {
				ALWAYS_SEARCH_USER_PATHS = NO;
				ARCHS = "$(ARCHS_STANDARD_32_BIT)";
				CLANG_ANALYZER_SECURITY_FLOATLOOPCOUNTER = YES;
				CLANG_CXX_LANGUAGE_STANDARD = "c++0x";
				CLANG_LINK_OBJC_RUNTIME = NO;
				CLANG_WARN_CONSTANT_CONVERSION = YES;
				CLANG_WARN_EMPTY_BODY = YES;
				CLANG_WARN_ENUM_CONVERSION = YES;
				CLANG_WARN_INT_CONVERSION = YES;
				CLANG_WARN_SUSPICIOUS_IMPLICIT_CONVERSION = YES;
				CLANG_WARN__DUPLICATE_METHOD_MATCH = YES;
				COPY_PHASE_STRIP = NO;
				DEBUG_INFORMATION_FORMAT = dwarf;
				DYLIB_COMPATIBILITY_VERSION = 1;
				DYLIB_CURRENT_VERSION = 1;
				FRAMEWORK_SEARCH_PATHS = ../../AdobeAIRSDK/runtimes/air/mac;
				GCC_C_LANGUAGE_STANDARD = gnu99;
				GCC_DYNAMIC_NO_PIC = NO;
				GCC_ENABLE_OBJC_EXCEPTIONS = NO;
				GCC_OPTIMIZATION_LEVEL = 0;
				GCC_PRECOMPILE_PREFIX_HEADER = NO;
				GCC_PREFIX_HEADER = "";
				GCC_PREPROCESSOR_DEFINITIONS = (
					"DEBUG=1",
					USE_BREAKPAD_HANDLER,
					"$(inherited)",
				);
				GCC_SYMBOLS_PRIVATE_EXTERN = YES;
				GCC_VERSION = com.apple.compilers.llvm.clang.1_0;
				GCC_WARN_64_TO_32_BIT_CONVERSION = YES;
				GCC_WARN_ABOUT_MISSING_FIELD_INITIALIZERS = YES;
				GCC_WARN_ABOUT_MISSING_PROTOTYPES = YES;
				GCC_WARN_ABOUT_RETURN_TYPE = YES;
				GCC_WARN_INITIALIZER_NOT_FULLY_BRACKETED = YES;
				GCC_WARN_PEDANTIC = YES;
				GCC_WARN_SIGN_COMPARE = YES;
				GCC_WARN_UNDECLARED_SELECTOR = YES;
				GCC_WARN_UNINITIALIZED_AUTOS = YES;
				GCC_WARN_UNUSED_FUNCTION = YES;
				GCC_WARN_UNUSED_PARAMETER = YES;
				GCC_WARN_UNUSED_VARIABLE = YES;
				HEADER_SEARCH_PATHS = (
					../../SteamSDK/public/steam,
					../../AdobeAIRSDK/include,
				);
				INFOPLIST_FILE = "";
				INSTALL_PATH = "@rpath";
				LD_RUNPATH_SEARCH_PATHS = "\"@executable_path/../Frameworks\" \"/Library/Frameworks\"";
				LIBRARY_SEARCH_PATHS = ../../SteamSDK/redistributable_bin/osx32;
				MACH_O_TYPE = mh_dylib;
				MACOSX_DEPLOYMENT_TARGET = 10.6;
				ONLY_ACTIVE_ARCH = NO;
				PRIVATE_HEADERS_FOLDER_PATH = FRESteamWorks.framework/Versions/A/PrivateHeaders;
				PRODUCT_NAME = FRESteamWorks;
				PUBLIC_HEADERS_FOLDER_PATH = "$(CONTENTS_FOLDER_PATH)/Headers";
				SDKROOT = macosx;
				STRIP_INSTALLED_PRODUCT = NO;
				STRIP_STYLE = debugging;
				VALID_ARCHS = i386;
				WARNING_CFLAGS = (
					"-Wall",
					"-Wextra",
					"-Wno-unused-parameter",
				);
				WRAPPER_EXTENSION = framework;
			};
			name = Debug;
		};
		1214331215298AAF003FF426 /* Release */ = {
			isa = XCBuildConfiguration;
			buildSettings = {
				ALWAYS_SEARCH_USER_PATHS = NO;
				ARCHS = "$(ARCHS_STANDARD_32_BIT)";
				CLANG_ANALYZER_SECURITY_FLOATLOOPCOUNTER = YES;
				CLANG_CXX_LANGUAGE_STANDARD = "c++0x";
				CLANG_LINK_OBJC_RUNTIME = NO;
				CLANG_WARN_CONSTANT_CONVERSION = YES;
				CLANG_WARN_EMPTY_BODY = YES;
				CLANG_WARN_ENUM_CONVERSION = YES;
				CLANG_WARN_INT_CONVERSION = YES;
				CLANG_WARN_SUSPICIOUS_IMPLICIT_CONVERSION = YES;
				CLANG_WARN__DUPLICATE_METHOD_MATCH = YES;
				COPY_PHASE_STRIP = YES;
				DEBUG_INFORMATION_FORMAT = "dwarf-with-dsym";
				DYLIB_COMPATIBILITY_VERSION = 1;
				DYLIB_CURRENT_VERSION = 1;
				FRAMEWORK_SEARCH_PATHS = ../../AdobeAIRSDK/runtimes/air/mac;
				GCC_C_LANGUAGE_STANDARD = gnu99;
				GCC_ENABLE_OBJC_EXCEPTIONS = NO;
				GCC_PRECOMPILE_PREFIX_HEADER = NO;
				GCC_PREFIX_HEADER = "";
				GCC_PREPROCESSOR_DEFINITIONS = (
					USE_BREAKPAD_HANDLER,
					"$(inherited)",
				);
				GCC_SYMBOLS_PRIVATE_EXTERN = YES;
				GCC_VERSION = com.apple.compilers.llvm.clang.1_0;
				GCC_WARN_64_TO_32_BIT_CONVERSION = YES;
				GCC_WARN_ABOUT_MISSING_FIELD_INITIALIZERS = YES;
				GCC_WARN_ABOUT_MISSING_PROTOTYPES = YES;
				GCC_WARN_ABOUT_RETURN_TYPE = YES;
				GCC_WARN_INITIALIZER_NOT_FULLY_BRACKETED = YES;
				GCC_WARN_PEDANTIC = YES;
				GCC_WARN_SIGN_COMPARE = YES;
				GCC_WARN_UNDECLARED_SELECTOR = YES;
				GCC_WARN_UNINITIALIZED_AUTOS = YES;
				GCC_WARN_UNUSED_FUNCTION = YES;
				GCC_WARN_UNUSED_PARAMETER = YES;
				GCC_WARN_UNUSED_VARIABLE = YES;
				HEADER_SEARCH_PATHS = (
					../../SteamSDK/public/steam,
					../../AdobeAIRSDK/include,
				);
				INFOPLIST_FILE = "";
				INSTALL_PATH = "@rpath";
				LD_RUNPATH_SEARCH_PATHS = "\"@executable_path/../Frameworks\" \"/Library/Frameworks\"";
				LIBRARY_SEARCH_PATHS = ../../SteamSDK/redistributable_bin/osx32;
				MACH_O_TYPE = mh_dylib;
				MACOSX_DEPLOYMENT_TARGET = 10.6;
				ONLY_ACTIVE_ARCH = NO;
				PRIVATE_HEADERS_FOLDER_PATH = FRESteamWorks.framework/Versions/A/PrivateHeaders;
				PRODUCT_NAME = FRESteamWorks;
				PUBLIC_HEADERS_FOLDER_PATH = "$(CONTENTS_FOLDER_PATH)/Headers";
				SDKROOT = macosx;
				STRIP_INSTALLED_PRODUCT = NO;
				STRIP_STYLE = debugging;
				VALID_ARCHS = i386;
				WARNING_CFLAGS = (
					"-Wall",
					"-Wextra",
					"-Wno-unused-parameter",
				);
				WRAPPER_EXTENSION = framework;
			};
			name = Release;
		};
		1214331415298AAF003FF426 /* Debug */ = {
			isa = XCBuildConfiguration;
			buildSettings = {
			};
			name = Debug;
		};
		1214331515298AAF003FF426 /* Release */ = {
			isa = XCBuildConfiguration;
			buildSettings = {
			};
			name = Release;
		};
/* End XCBuildConfiguration section */

/* Begin XCConfigurationList section */
		121432F715298AAF003FF426 /* Build configuration list for PBXProject "FRESteamWorks" */ = {
			isa = XCConfigurationList;
			buildConfigurations = (
				1214331115298AAF003FF426 /* Debug */,
				1214331215298AAF003FF426 /* Release */,
			);
			defaultConfigurationIsVisible = 0;
			defaultConfigurationName = Release;
		};
		1214331315298AAF003FF426 /* Build configuration list for PBXNativeTarget "FRESteamWorks" */ = {
			isa = XCConfigurationList;
			buildConfigurations = (
				1214331415298AAF003FF426 /* Debug */,
				1214331515298AAF003FF426 /* Release */,
			);
			defaultConfigurationIsVisible = 0;
			defaultConfigurationName = Release;
		};
/* End XCConfigurationList section */
	};
	rootObject = 121432F415298AAF003FF426 /* Project object */;
}
